// !$*UTF8*$!
{
	archiveVersion = 1;
	classes = {
	};
	objectVersion = 48;
	objects = {

/* Begin PBXBuildFile section */
		5B06C0401FB456C100516682 /* AppDelegate.swift in Sources */ = {isa = PBXBuildFile; fileRef = 5B06C03F1FB456C100516682 /* AppDelegate.swift */; };
		5B06C0421FB456C100516682 /* ViewController.swift in Sources */ = {isa = PBXBuildFile; fileRef = 5B06C0411FB456C100516682 /* ViewController.swift */; };
		5B06C0451FB456C100516682 /* Main.storyboard in Resources */ = {isa = PBXBuildFile; fileRef = 5B06C0431FB456C100516682 /* Main.storyboard */; };
		5B06C0481FB456C100516682 /* PillZones.xcdatamodeld in Sources */ = {isa = PBXBuildFile; fileRef = 5B06C0461FB456C100516682 /* PillZones.xcdatamodeld */; };
		5B06C04A1FB456C100516682 /* Assets.xcassets in Resources */ = {isa = PBXBuildFile; fileRef = 5B06C0491FB456C100516682 /* Assets.xcassets */; };
		5B06C04D1FB456C100516682 /* LaunchScreen.storyboard in Resources */ = {isa = PBXBuildFile; fileRef = 5B06C04B1FB456C100516682 /* LaunchScreen.storyboard */; };
		5B06C0581FB456C100516682 /* PillZonesTests.swift in Sources */ = {isa = PBXBuildFile; fileRef = 5B06C0571FB456C100516682 /* PillZonesTests.swift */; };
		5B06C0681FB45F1900516682 /* Flight+CoreDataClass.swift in Sources */ = {isa = PBXBuildFile; fileRef = 5B06C0661FB45F1900516682 /* Flight+CoreDataClass.swift */; };
		5B06C0691FB45F1900516682 /* Flight+CoreDataProperties.swift in Sources */ = {isa = PBXBuildFile; fileRef = 5B06C0671FB45F1900516682 /* Flight+CoreDataProperties.swift */; };
		5B06C06B1FB465B400516682 /* Flight+CoreDataClass.swift in Sources */ = {isa = PBXBuildFile; fileRef = 5B06C0661FB45F1900516682 /* Flight+CoreDataClass.swift */; };
		5B06C06C1FB4662C00516682 /* Flight+CoreDataProperties.swift in Sources */ = {isa = PBXBuildFile; fileRef = 5B06C0671FB45F1900516682 /* Flight+CoreDataProperties.swift */; };
		5BA23DE71FB4921F00C7B39A /* PillZones.xcdatamodeld in Sources */ = {isa = PBXBuildFile; fileRef = 5B06C0461FB456C100516682 /* PillZones.xcdatamodeld */; };
		5BA23DE91FB493E700C7B39A /* MockDatabaseManager.swift in Sources */ = {isa = PBXBuildFile; fileRef = 5BA23DE81FB493E700C7B39A /* MockDatabaseManager.swift */; };
		5BA23DF01FB49AD700C7B39A /* Pill+CoreDataClass.swift in Sources */ = {isa = PBXBuildFile; fileRef = 5BA23DEA1FB49AD700C7B39A /* Pill+CoreDataClass.swift */; };
		5BA23DF11FB49AD700C7B39A /* Pill+CoreDataProperties.swift in Sources */ = {isa = PBXBuildFile; fileRef = 5BA23DEB1FB49AD700C7B39A /* Pill+CoreDataProperties.swift */; };
		5BA23DF21FB49AD700C7B39A /* Dose+CoreDataClass.swift in Sources */ = {isa = PBXBuildFile; fileRef = 5BA23DEC1FB49AD700C7B39A /* Dose+CoreDataClass.swift */; };
		5BA23DF31FB49AD700C7B39A /* Dose+CoreDataProperties.swift in Sources */ = {isa = PBXBuildFile; fileRef = 5BA23DED1FB49AD700C7B39A /* Dose+CoreDataProperties.swift */; };
		5BA23DF41FB49AD700C7B39A /* TimeOfDay+CoreDataClass.swift in Sources */ = {isa = PBXBuildFile; fileRef = 5BA23DEE1FB49AD700C7B39A /* TimeOfDay+CoreDataClass.swift */; };
		5BA23DF51FB49AD700C7B39A /* TimeOfDay+CoreDataProperties.swift in Sources */ = {isa = PBXBuildFile; fileRef = 5BA23DEF1FB49AD700C7B39A /* TimeOfDay+CoreDataProperties.swift */; };
/* End PBXBuildFile section */

/* Begin PBXContainerItemProxy section */
		5B06C0541FB456C100516682 /* PBXContainerItemProxy */ = {
			isa = PBXContainerItemProxy;
			containerPortal = 5B06C0341FB456C000516682 /* Project object */;
			proxyType = 1;
			remoteGlobalIDString = 5B06C03B1FB456C100516682;
			remoteInfo = PillZones;
		};
/* End PBXContainerItemProxy section */

/* Begin PBXFileReference section */
		5B06C03C1FB456C100516682 /* PillZones.app */ = {isa = PBXFileReference; explicitFileType = wrapper.application; includeInIndex = 0; path = PillZones.app; sourceTree = BUILT_PRODUCTS_DIR; };
		5B06C03F1FB456C100516682 /* AppDelegate.swift */ = {isa = PBXFileReference; lastKnownFileType = sourcecode.swift; path = AppDelegate.swift; sourceTree = "<group>"; };
		5B06C0411FB456C100516682 /* ViewController.swift */ = {isa = PBXFileReference; lastKnownFileType = sourcecode.swift; path = ViewController.swift; sourceTree = "<group>"; };
		5B06C0441FB456C100516682 /* Base */ = {isa = PBXFileReference; lastKnownFileType = file.storyboard; name = Base; path = Base.lproj/Main.storyboard; sourceTree = "<group>"; };
		5B06C0471FB456C100516682 /* PillZones.xcdatamodel */ = {isa = PBXFileReference; lastKnownFileType = wrapper.xcdatamodel; path = PillZones.xcdatamodel; sourceTree = "<group>"; };
		5B06C0491FB456C100516682 /* Assets.xcassets */ = {isa = PBXFileReference; lastKnownFileType = folder.assetcatalog; path = Assets.xcassets; sourceTree = "<group>"; };
		5B06C04C1FB456C100516682 /* Base */ = {isa = PBXFileReference; lastKnownFileType = file.storyboard; name = Base; path = Base.lproj/LaunchScreen.storyboard; sourceTree = "<group>"; };
		5B06C04E1FB456C100516682 /* Info.plist */ = {isa = PBXFileReference; lastKnownFileType = text.plist.xml; path = Info.plist; sourceTree = "<group>"; };
		5B06C0531FB456C100516682 /* PillZonesTests.xctest */ = {isa = PBXFileReference; explicitFileType = wrapper.cfbundle; includeInIndex = 0; path = PillZonesTests.xctest; sourceTree = BUILT_PRODUCTS_DIR; };
		5B06C0571FB456C100516682 /* PillZonesTests.swift */ = {isa = PBXFileReference; lastKnownFileType = sourcecode.swift; path = PillZonesTests.swift; sourceTree = "<group>"; };
		5B06C0591FB456C100516682 /* Info.plist */ = {isa = PBXFileReference; lastKnownFileType = text.plist.xml; path = Info.plist; sourceTree = "<group>"; };
		5B06C0661FB45F1900516682 /* Flight+CoreDataClass.swift */ = {isa = PBXFileReference; lastKnownFileType = sourcecode.swift; path = "Flight+CoreDataClass.swift"; sourceTree = "<group>"; };
		5B06C0671FB45F1900516682 /* Flight+CoreDataProperties.swift */ = {isa = PBXFileReference; lastKnownFileType = sourcecode.swift; path = "Flight+CoreDataProperties.swift"; sourceTree = "<group>"; };
		5BA23DE81FB493E700C7B39A /* MockDatabaseManager.swift */ = {isa = PBXFileReference; lastKnownFileType = sourcecode.swift; path = MockDatabaseManager.swift; sourceTree = "<group>"; };
		5BA23DEA1FB49AD700C7B39A /* Pill+CoreDataClass.swift */ = {isa = PBXFileReference; lastKnownFileType = sourcecode.swift; path = "Pill+CoreDataClass.swift"; sourceTree = "<group>"; };
		5BA23DEB1FB49AD700C7B39A /* Pill+CoreDataProperties.swift */ = {isa = PBXFileReference; lastKnownFileType = sourcecode.swift; path = "Pill+CoreDataProperties.swift"; sourceTree = "<group>"; };
		5BA23DEC1FB49AD700C7B39A /* Dose+CoreDataClass.swift */ = {isa = PBXFileReference; lastKnownFileType = sourcecode.swift; path = "Dose+CoreDataClass.swift"; sourceTree = "<group>"; };
		5BA23DED1FB49AD700C7B39A /* Dose+CoreDataProperties.swift */ = {isa = PBXFileReference; lastKnownFileType = sourcecode.swift; path = "Dose+CoreDataProperties.swift"; sourceTree = "<group>"; };
		5BA23DEE1FB49AD700C7B39A /* TimeOfDay+CoreDataClass.swift */ = {isa = PBXFileReference; lastKnownFileType = sourcecode.swift; path = "TimeOfDay+CoreDataClass.swift"; sourceTree = "<group>"; };
		5BA23DEF1FB49AD700C7B39A /* TimeOfDay+CoreDataProperties.swift */ = {isa = PBXFileReference; lastKnownFileType = sourcecode.swift; path = "TimeOfDay+CoreDataProperties.swift"; sourceTree = "<group>"; };
/* End PBXFileReference section */

/* Begin PBXFrameworksBuildPhase section */
		5B06C0391FB456C100516682 /* Frameworks */ = {
			isa = PBXFrameworksBuildPhase;
			buildActionMask = 2147483647;
			files = (
			);
			runOnlyForDeploymentPostprocessing = 0;
		};
		5B06C0501FB456C100516682 /* Frameworks */ = {
			isa = PBXFrameworksBuildPhase;
			buildActionMask = 2147483647;
			files = (
			);
			runOnlyForDeploymentPostprocessing = 0;
		};
/* End PBXFrameworksBuildPhase section */

/* Begin PBXGroup section */
		5B06C0331FB456C000516682 = {
			isa = PBXGroup;
			children = (
				5BA23DEA1FB49AD700C7B39A /* Pill+CoreDataClass.swift */,
				5BA23DEB1FB49AD700C7B39A /* Pill+CoreDataProperties.swift */,
				5BA23DEC1FB49AD700C7B39A /* Dose+CoreDataClass.swift */,
				5BA23DED1FB49AD700C7B39A /* Dose+CoreDataProperties.swift */,
				5BA23DEE1FB49AD700C7B39A /* TimeOfDay+CoreDataClass.swift */,
				5BA23DEF1FB49AD700C7B39A /* TimeOfDay+CoreDataProperties.swift */,
				5B06C0661FB45F1900516682 /* Flight+CoreDataClass.swift */,
				5B06C0671FB45F1900516682 /* Flight+CoreDataProperties.swift */,
				5B06C03E1FB456C100516682 /* PillZones */,
				5B06C0561FB456C100516682 /* PillZonesTests */,
				5B06C03D1FB456C100516682 /* Products */,
			);
			sourceTree = "<group>";
		};
		5B06C03D1FB456C100516682 /* Products */ = {
			isa = PBXGroup;
			children = (
				5B06C03C1FB456C100516682 /* PillZones.app */,
				5B06C0531FB456C100516682 /* PillZonesTests.xctest */,
			);
			name = Products;
			sourceTree = "<group>";
		};
		5B06C03E1FB456C100516682 /* PillZones */ = {
			isa = PBXGroup;
			children = (
				5B06C03F1FB456C100516682 /* AppDelegate.swift */,
				5B06C0411FB456C100516682 /* ViewController.swift */,
				5B06C0431FB456C100516682 /* Main.storyboard */,
				5B06C0491FB456C100516682 /* Assets.xcassets */,
				5B06C04B1FB456C100516682 /* LaunchScreen.storyboard */,
				5B06C04E1FB456C100516682 /* Info.plist */,
				5B06C0461FB456C100516682 /* PillZones.xcdatamodeld */,
			);
			path = PillZones;
			sourceTree = "<group>";
		};
		5B06C0561FB456C100516682 /* PillZonesTests */ = {
			isa = PBXGroup;
			children = (
				5B06C0571FB456C100516682 /* PillZonesTests.swift */,
				5B06C0591FB456C100516682 /* Info.plist */,
				5BA23DE81FB493E700C7B39A /* MockDatabaseManager.swift */,
			);
			path = PillZonesTests;
			sourceTree = "<group>";
		};
/* End PBXGroup section */

/* Begin PBXNativeTarget section */
		5B06C03B1FB456C100516682 /* PillZones */ = {
			isa = PBXNativeTarget;
			buildConfigurationList = 5B06C05C1FB456C100516682 /* Build configuration list for PBXNativeTarget "PillZones" */;
			buildPhases = (
				5B06C0381FB456C100516682 /* Sources */,
				5B06C0391FB456C100516682 /* Frameworks */,
				5B06C03A1FB456C100516682 /* Resources */,
			);
			buildRules = (
			);
			dependencies = (
			);
			name = PillZones;
			productName = PillZones;
			productReference = 5B06C03C1FB456C100516682 /* PillZones.app */;
			productType = "com.apple.product-type.application";
		};
		5B06C0521FB456C100516682 /* PillZonesTests */ = {
			isa = PBXNativeTarget;
			buildConfigurationList = 5B06C05F1FB456C100516682 /* Build configuration list for PBXNativeTarget "PillZonesTests" */;
			buildPhases = (
				5B06C04F1FB456C100516682 /* Sources */,
				5B06C0501FB456C100516682 /* Frameworks */,
				5B06C0511FB456C100516682 /* Resources */,
			);
			buildRules = (
			);
			dependencies = (
				5B06C0551FB456C100516682 /* PBXTargetDependency */,
			);
			name = PillZonesTests;
			productName = PillZonesTests;
			productReference = 5B06C0531FB456C100516682 /* PillZonesTests.xctest */;
			productType = "com.apple.product-type.bundle.unit-test";
		};
/* End PBXNativeTarget section */

/* Begin PBXProject section */
		5B06C0341FB456C000516682 /* Project object */ = {
			isa = PBXProject;
			attributes = {
				LastSwiftUpdateCheck = 0900;
				LastUpgradeCheck = 0900;
				ORGANIZATIONNAME = "Farming Online";
				TargetAttributes = {
					5B06C03B1FB456C100516682 = {
						CreatedOnToolsVersion = 9.0.1;
						ProvisioningStyle = Automatic;
					};
					5B06C0521FB456C100516682 = {
						CreatedOnToolsVersion = 9.0.1;
						ProvisioningStyle = Automatic;
						TestTargetID = 5B06C03B1FB456C100516682;
					};
				};
			};
			buildConfigurationList = 5B06C0371FB456C000516682 /* Build configuration list for PBXProject "PillZones" */;
			compatibilityVersion = "Xcode 8.0";
			developmentRegion = en;
			hasScannedForEncodings = 0;
			knownRegions = (
				en,
				Base,
			);
			mainGroup = 5B06C0331FB456C000516682;
			productRefGroup = 5B06C03D1FB456C100516682 /* Products */;
			projectDirPath = "";
			projectRoot = "";
			targets = (
				5B06C03B1FB456C100516682 /* PillZones */,
				5B06C0521FB456C100516682 /* PillZonesTests */,
			);
		};
/* End PBXProject section */

/* Begin PBXResourcesBuildPhase section */
		5B06C03A1FB456C100516682 /* Resources */ = {
			isa = PBXResourcesBuildPhase;
			buildActionMask = 2147483647;
			files = (
				5B06C04D1FB456C100516682 /* LaunchScreen.storyboard in Resources */,
				5B06C04A1FB456C100516682 /* Assets.xcassets in Resources */,
				5B06C0451FB456C100516682 /* Main.storyboard in Resources */,
			);
			runOnlyForDeploymentPostprocessing = 0;
		};
		5B06C0511FB456C100516682 /* Resources */ = {
			isa = PBXResourcesBuildPhase;
			buildActionMask = 2147483647;
			files = (
			);
			runOnlyForDeploymentPostprocessing = 0;
		};
/* End PBXResourcesBuildPhase section */

/* Begin PBXSourcesBuildPhase section */
		5B06C0381FB456C100516682 /* Sources */ = {
			isa = PBXSourcesBuildPhase;
			buildActionMask = 2147483647;
			files = (
				5B06C0481FB456C100516682 /* PillZones.xcdatamodeld in Sources */,
				5B06C0421FB456C100516682 /* ViewController.swift in Sources */,
				5B06C0691FB45F1900516682 /* Flight+CoreDataProperties.swift in Sources */,
				5B06C0401FB456C100516682 /* AppDelegate.swift in Sources */,
				5B06C0681FB45F1900516682 /* Flight+CoreDataClass.swift in Sources */,
			);
			runOnlyForDeploymentPostprocessing = 0;
		};
		5B06C04F1FB456C100516682 /* Sources */ = {
			isa = PBXSourcesBuildPhase;
			buildActionMask = 2147483647;
			files = (
				5BA23DE91FB493E700C7B39A /* MockDatabaseManager.swift in Sources */,
				5B06C06C1FB4662C00516682 /* Flight+CoreDataProperties.swift in Sources */,
				5BA23DF41FB49AD700C7B39A /* TimeOfDay+CoreDataClass.swift in Sources */,
				5BA23DF21FB49AD700C7B39A /* Dose+CoreDataClass.swift in Sources */,
				5BA23DF51FB49AD700C7B39A /* TimeOfDay+CoreDataProperties.swift in Sources */,
				5BA23DF01FB49AD700C7B39A /* Pill+CoreDataClass.swift in Sources */,
				5B06C0581FB456C100516682 /* PillZonesTests.swift in Sources */,
				5BA23DF11FB49AD700C7B39A /* Pill+CoreDataProperties.swift in Sources */,
				5BA23DE71FB4921F00C7B39A /* PillZones.xcdatamodeld in Sources */,
				5B06C06B1FB465B400516682 /* Flight+CoreDataClass.swift in Sources */,
				5BA23DF31FB49AD700C7B39A /* Dose+CoreDataProperties.swift in Sources */,
			);
			runOnlyForDeploymentPostprocessing = 0;
		};
/* End PBXSourcesBuildPhase section */

/* Begin PBXTargetDependency section */
		5B06C0551FB456C100516682 /* PBXTargetDependency */ = {
			isa = PBXTargetDependency;
			target = 5B06C03B1FB456C100516682 /* PillZones */;
			targetProxy = 5B06C0541FB456C100516682 /* PBXContainerItemProxy */;
		};
/* End PBXTargetDependency section */

/* Begin PBXVariantGroup section */
		5B06C0431FB456C100516682 /* Main.storyboard */ = {
			isa = PBXVariantGroup;
			children = (
				5B06C0441FB456C100516682 /* Base */,
			);
			name = Main.storyboard;
			sourceTree = "<group>";
		};
		5B06C04B1FB456C100516682 /* LaunchScreen.storyboard */ = {
			isa = PBXVariantGroup;
			children = (
				5B06C04C1FB456C100516682 /* Base */,
			);
			name = LaunchScreen.storyboard;
			sourceTree = "<group>";
		};
/* End PBXVariantGroup section */

/* Begin XCBuildConfiguration section */
		5B06C05A1FB456C100516682 /* Debug */ = {
			isa = XCBuildConfiguration;
			buildSettings = {
				ALWAYS_SEARCH_USER_PATHS = NO;
				CLANG_ANALYZER_NONNULL = YES;
				CLANG_ANALYZER_NUMBER_OBJECT_CONVERSION = YES_AGGRESSIVE;
				CLANG_CXX_LANGUAGE_STANDARD = "gnu++14";
				CLANG_CXX_LIBRARY = "libc++";
				CLANG_ENABLE_MODULES = YES;
				CLANG_ENABLE_OBJC_ARC = YES;
				CLANG_WARN_BLOCK_CAPTURE_AUTORELEASING = YES;
				CLANG_WARN_BOOL_CONVERSION = YES;
				CLANG_WARN_COMMA = YES;
				CLANG_WARN_CONSTANT_CONVERSION = YES;
				CLANG_WARN_DIRECT_OBJC_ISA_USAGE = YES_ERROR;
				CLANG_WARN_DOCUMENTATION_COMMENTS = YES;
				CLANG_WARN_EMPTY_BODY = YES;
				CLANG_WARN_ENUM_CONVERSION = YES;
				CLANG_WARN_INFINITE_RECURSION = YES;
				CLANG_WARN_INT_CONVERSION = YES;
				CLANG_WARN_NON_LITERAL_NULL_CONVERSION = YES;
				CLANG_WARN_OBJC_LITERAL_CONVERSION = YES;
				CLANG_WARN_OBJC_ROOT_CLASS = YES_ERROR;
				CLANG_WARN_RANGE_LOOP_ANALYSIS = YES;
				CLANG_WARN_STRICT_PROTOTYPES = YES;
				CLANG_WARN_SUSPICIOUS_MOVE = YES;
				CLANG_WARN_UNGUARDED_AVAILABILITY = YES_AGGRESSIVE;
				CLANG_WARN_UNREACHABLE_CODE = YES;
				CLANG_WARN__DUPLICATE_METHOD_MATCH = YES;
				CODE_SIGN_IDENTITY = "iPhone Developer";
				COPY_PHASE_STRIP = NO;
				DEBUG_INFORMATION_FORMAT = dwarf;
				ENABLE_STRICT_OBJC_MSGSEND = YES;
				ENABLE_TESTABILITY = YES;
				GCC_C_LANGUAGE_STANDARD = gnu11;
				GCC_DYNAMIC_NO_PIC = NO;
				GCC_NO_COMMON_BLOCKS = YES;
				GCC_OPTIMIZATION_LEVEL = 0;
				GCC_PREPROCESSOR_DEFINITIONS = (
					"DEBUG=1",
					"$(inherited)",
				);
				GCC_WARN_64_TO_32_BIT_CONVERSION = YES;
				GCC_WARN_ABOUT_RETURN_TYPE = YES_ERROR;
				GCC_WARN_UNDECLARED_SELECTOR = YES;
				GCC_WARN_UNINITIALIZED_AUTOS = YES_AGGRESSIVE;
				GCC_WARN_UNUSED_FUNCTION = YES;
				GCC_WARN_UNUSED_VARIABLE = YES;
				IPHONEOS_DEPLOYMENT_TARGET = 11.0;
				MTL_ENABLE_DEBUG_INFO = YES;
				ONLY_ACTIVE_ARCH = YES;
				SDKROOT = iphoneos;
				SWIFT_ACTIVE_COMPILATION_CONDITIONS = DEBUG;
				SWIFT_OPTIMIZATION_LEVEL = "-Onone";
			};
			name = Debug;
		};
		5B06C05B1FB456C100516682 /* Release */ = {
			isa = XCBuildConfiguration;
			buildSettings = {
				ALWAYS_SEARCH_USER_PATHS = NO;
				CLANG_ANALYZER_NONNULL = YES;
				CLANG_ANALYZER_NUMBER_OBJECT_CONVERSION = YES_AGGRESSIVE;
				CLANG_CXX_LANGUAGE_STANDARD = "gnu++14";
				CLANG_CXX_LIBRARY = "libc++";
				CLANG_ENABLE_MODULES = YES;
				CLANG_ENABLE_OBJC_ARC = YES;
				CLANG_WARN_BLOCK_CAPTURE_AUTORELEASING = YES;
				CLANG_WARN_BOOL_CONVERSION = YES;
				CLANG_WARN_COMMA = YES;
				CLANG_WARN_CONSTANT_CONVERSION = YES;
				CLANG_WARN_DIRECT_OBJC_ISA_USAGE = YES_ERROR;
				CLANG_WARN_DOCUMENTATION_COMMENTS = YES;
				CLANG_WARN_EMPTY_BODY = YES;
				CLANG_WARN_ENUM_CONVERSION = YES;
				CLANG_WARN_INFINITE_RECURSION = YES;
				CLANG_WARN_INT_CONVERSION = YES;
				CLANG_WARN_NON_LITERAL_NULL_CONVERSION = YES;
				CLANG_WARN_OBJC_LITERAL_CONVERSION = YES;
				CLANG_WARN_OBJC_ROOT_CLASS = YES_ERROR;
				CLANG_WARN_RANGE_LOOP_ANALYSIS = YES;
				CLANG_WARN_STRICT_PROTOTYPES = YES;
				CLANG_WARN_SUSPICIOUS_MOVE = YES;
				CLANG_WARN_UNGUARDED_AVAILABILITY = YES_AGGRESSIVE;
				CLANG_WARN_UNREACHABLE_CODE = YES;
				CLANG_WARN__DUPLICATE_METHOD_MATCH = YES;
				CODE_SIGN_IDENTITY = "iPhone Developer";
				COPY_PHASE_STRIP = NO;
				DEBUG_INFORMATION_FORMAT = "dwarf-with-dsym";
				ENABLE_NS_ASSERTIONS = NO;
				ENABLE_STRICT_OBJC_MSGSEND = YES;
				GCC_C_LANGUAGE_STANDARD = gnu11;
				GCC_NO_COMMON_BLOCKS = YES;
				GCC_WARN_64_TO_32_BIT_CONVERSION = YES;
				GCC_WARN_ABOUT_RETURN_TYPE = YES_ERROR;
				GCC_WARN_UNDECLARED_SELECTOR = YES;
				GCC_WARN_UNINITIALIZED_AUTOS = YES_AGGRESSIVE;
				GCC_WARN_UNUSED_FUNCTION = YES;
				GCC_WARN_UNUSED_VARIABLE = YES;
				IPHONEOS_DEPLOYMENT_TARGET = 11.0;
				MTL_ENABLE_DEBUG_INFO = NO;
				SDKROOT = iphoneos;
				SWIFT_OPTIMIZATION_LEVEL = "-Owholemodule";
				VALIDATE_PRODUCT = YES;
			};
			name = Release;
		};
		5B06C05D1FB456C100516682 /* Debug */ = {
			isa = XCBuildConfiguration;
			buildSettings = {
				ASSETCATALOG_COMPILER_APPICON_NAME = AppIcon;
				CODE_SIGN_STYLE = Automatic;
				DEVELOPMENT_TEAM = E8NTBL5NFT;
				INFOPLIST_FILE = PillZones/Info.plist;
				LD_RUNPATH_SEARCH_PATHS = "$(inherited) @executable_path/Frameworks";
				PRODUCT_BUNDLE_IDENTIFIER = uk.co.farming.PillZones;
				PRODUCT_NAME = "$(TARGET_NAME)";
				SWIFT_VERSION = 4.0;
				TARGETED_DEVICE_FAMILY = "1,2";
			};
			name = Debug;
		};
		5B06C05E1FB456C100516682 /* Release */ = {
			isa = XCBuildConfiguration;
			buildSettings = {
				ASSETCATALOG_COMPILER_APPICON_NAME = AppIcon;
				CODE_SIGN_STYLE = Automatic;
				DEVELOPMENT_TEAM = E8NTBL5NFT;
				INFOPLIST_FILE = PillZones/Info.plist;
				LD_RUNPATH_SEARCH_PATHS = "$(inherited) @executable_path/Frameworks";
				PRODUCT_BUNDLE_IDENTIFIER = uk.co.farming.PillZones;
				PRODUCT_NAME = "$(TARGET_NAME)";
				SWIFT_VERSION = 4.0;
				TARGETED_DEVICE_FAMILY = "1,2";
			};
			name = Release;
		};
		5B06C0601FB456C100516682 /* Debug */ = {
			isa = XCBuildConfiguration;
			buildSettings = {
				ALWAYS_EMBED_SWIFT_STANDARD_LIBRARIES = YES;
				BUNDLE_LOADER = "$(TEST_HOST)";
				CODE_SIGN_STYLE = Automatic;
				DEVELOPMENT_TEAM = E8NTBL5NFT;
				INFOPLIST_FILE = PillZonesTests/Info.plist;
				LD_RUNPATH_SEARCH_PATHS = "$(inherited) @executable_path/Frameworks @loader_path/Frameworks";
				PRODUCT_BUNDLE_IDENTIFIER = uk.co.farming.PillZonesTests;
				PRODUCT_NAME = "$(TARGET_NAME)";
				SWIFT_VERSION = 4.0;
				TARGETED_DEVICE_FAMILY = "1,2";
				TEST_HOST = "$(BUILT_PRODUCTS_DIR)/PillZones.app/PillZones";
			};
			name = Debug;
		};
		5B06C0611FB456C100516682 /* Release */ = {
			isa = XCBuildConfiguration;
			buildSettings = {
				ALWAYS_EMBED_SWIFT_STANDARD_LIBRARIES = YES;
				BUNDLE_LOADER = "$(TEST_HOST)";
				CODE_SIGN_STYLE = Automatic;
				DEVELOPMENT_TEAM = E8NTBL5NFT;
				INFOPLIST_FILE = PillZonesTests/Info.plist;
				LD_RUNPATH_SEARCH_PATHS = "$(inherited) @executable_path/Frameworks @loader_path/Frameworks";
				PRODUCT_BUNDLE_IDENTIFIER = uk.co.farming.PillZonesTests;
				PRODUCT_NAME = "$(TARGET_NAME)";
				SWIFT_VERSION = 4.0;
				TARGETED_DEVICE_FAMILY = "1,2";
				TEST_HOST = "$(BUILT_PRODUCTS_DIR)/PillZones.app/PillZones";
			};
			name = Release;
		};
/* End XCBuildConfiguration section */

/* Begin XCConfigurationList section */
		5B06C0371FB456C000516682 /* Build configuration list for PBXProject "PillZones" */ = {
			isa = XCConfigurationList;
			buildConfigurations = (
				5B06C05A1FB456C100516682 /* Debug */,
				5B06C05B1FB456C100516682 /* Release */,
			);
			defaultConfigurationIsVisible = 0;
			defaultConfigurationName = Release;
		};
		5B06C05C1FB456C100516682 /* Build configuration list for PBXNativeTarget "PillZones" */ = {
			isa = XCConfigurationList;
			buildConfigurations = (
				5B06C05D1FB456C100516682 /* Debug */,
				5B06C05E1FB456C100516682 /* Release */,
			);
			defaultConfigurationIsVisible = 0;
			defaultConfigurationName = Release;
		};
		5B06C05F1FB456C100516682 /* Build configuration list for PBXNativeTarget "PillZonesTests" */ = {
			isa = XCConfigurationList;
			buildConfigurations = (
				5B06C0601FB456C100516682 /* Debug */,
				5B06C0611FB456C100516682 /* Release */,
			);
			defaultConfigurationIsVisible = 0;
			defaultConfigurationName = Release;
		};
/* End XCConfigurationList section */

/* Begin XCVersionGroup section */
		5B06C0461FB456C100516682 /* PillZones.xcdatamodeld */ = {
			isa = XCVersionGroup;
			children = (
				5B06C0471FB456C100516682 /* PillZones.xcdatamodel */,
			);
			currentVersion = 5B06C0471FB456C100516682 /* PillZones.xcdatamodel */;
			path = PillZones.xcdatamodeld;
			sourceTree = "<group>";
			versionGroupType = wrapper.xcdatamodel;
		};
/* End XCVersionGroup section */
	};
	rootObject = 5B06C0341FB456C000516682 /* Project object */;
}
